
Microsoft Visual Studio Solution File, Format Version 12.00
# Visual Studio Version 17
VisualStudioVersion = 17.11.35327.3
MinimumVisualStudioVersion = 10.0.40219.1
Project("{FAE04EC0-301F-11D3-BF4B-00C04F79EFBC}") = "firstprogram1", "firstprogram1\firstprogram1.csproj", "{73558200-9F64-4251-93F8-BA032A5B9174}"
EndProject
Global
	GlobalSection(SolutionConfigurationPlatforms) = preSolution
		Debug|Any CPU = Debug|Any CPU
		Release|Any CPU = Release|Any CPU
	EndGlobalSection
	GlobalSection(ProjectConfigurationPlatforms) = postSolution
		{73558200-9F64-4251-93F8-BA032A5B9174}.Debug|Any CPU.ActiveCfg = Debug|Any CPU
		{73558200-9F64-4251-93F8-BA032A5B9174}.Debug|Any CPU.Build.0 = Debug|Any CPU
		{73558200-9F64-4251-93F8-BA032A5B9174}.Release|Any CPU.ActiveCfg = Release|Any CPU
		{73558200-9F64-4251-93F8-BA032A5B9174}.Release|Any CPU.Build.0 = Release|Any CPU
	EndGlobalSection
	GlobalSection(SolutionProperties) = preSolution
		HideSolutionNode = FALSE
	EndGlobalSection
	GlobalSection(ExtensibilityGlobals) = postSolution
		SolutionGuid = {AF31FC2F-3E91-4335-B18A-C409EAF9EB6C}
	EndGlobalSection
EndGlobal
